
Microsoft Visual Studio Solution File, Format Version 12.00
# Visual Studio Version 17
VisualStudioVersion = 17.0.31903.59
MinimumVisualStudioVersion = 10.0.40219.1
Project("{2150E333-8FDC-42A3-9474-1A3956D46DE8}") = "src", "src", "{827E0CD3-B72D-47B6-A68D-7590B98EB39B}"
EndProject
Project("{FAE04EC0-301F-11D3-BF4B-00C04F79EFBC}") = "eBayHero.Core", "src\eBayHero.Core\eBayHero.Core.csproj", "{641456A2-C01A-4676-8528-F3667370CB9A}"
EndProject
Project("{FAE04EC0-301F-11D3-BF4B-00C04F79EFBC}") = "eBayHero.Infrastructure", "src\eBayHero.Infrastructure\eBayHero.Infrastructure.csproj", "{C2BD3ED9-6D81-4979-9818-7EFAC50C45C1}"
EndProject
Project("{FAE04EC0-301F-11D3-BF4B-00C04F79EFBC}") = "eBayHero.Ocr", "src\eBayHero.Ocr\eBayHero.Ocr.csproj", "{A76FD780-FDD0-428F-871D-E70AC1504351}"
EndProject
Project("{FAE04EC0-301F-11D3-BF4B-00C04F79EFBC}") = "eBayHero.FileSystem", "src\eBayHero.FileSystem\eBayHero.FileSystem.csproj", "{AA918C32-C725-4562-B56C-42104C74CCCB}"
EndProject
Project("{FAE04EC0-301F-11D3-BF4B-00C04F79EFBC}") = "eBayHero.Export", "src\eBayHero.Export\eBayHero.Export.csproj", "{3DAB9F8A-E93D-4160-833E-6064CC840036}"
EndProject
Project("{FAE04EC0-301F-11D3-BF4B-00C04F79EFBC}") = "eBayHero.App", "src\eBayHero.App\eBayHero.App.csproj", "{56933613-6638-4B01-874C-B070C0C2184B}"
EndProject
Project("{FAE04EC0-301F-11D3-BF4B-00C04F79EFBC}") = "eBayHero.Migrator", "tools\eBayHero.Migrator\eBayHero.Migrator.csproj", "{534AA391-BC32-4002-AE8E-7D5BD36C0A8E}"
EndProject
Project("{FAE04EC0-301F-11D3-BF4B-00C04F79EFBC}") = "eBayHero.Cli", "tools\eBayHero.Cli\eBayHero.Cli.csproj", "{D26E6807-FDFE-4CF6-A392-BFD5D44B3C4C}"
EndProject
Project("{FAE04EC0-301F-11D3-BF4B-00C04F79EFBC}") = "eBayHero.Core.Tests", "tests\eBayHero.Core.Tests\eBayHero.Core.Tests.csproj", "{90E2089A-F009-4D0B-8A18-141D73D8FDC1}"
EndProject
Project("{FAE04EC0-301F-11D3-BF4B-00C04F79EFBC}") = "eBayHero.Infrastructure.Tests", "tests\eBayHero.Infrastructure.Tests\eBayHero.Infrastructure.Tests.csproj", "{62A633E9-7B81-43E9-876D-594D7160FAF2}"
EndProject
Project("{FAE04EC0-301F-11D3-BF4B-00C04F79EFBC}") = "eBayHero.IntegrationTests", "tests\eBayHero.IntegrationTests\eBayHero.IntegrationTests.csproj", "{5179B367-B5A4-439D-AC93-D68B3286E19E}"
EndProject
Project("{FAE04EC0-301F-11D3-BF4B-00C04F79EFBC}") = "eBayHero.UiTests", "tests\eBayHero.UiTests\eBayHero.UiTests.csproj", "{A9C1E7F7-474B-4F9E-8247-17F069991AF2}"
EndProject
Project("{FAE04EC0-301F-11D3-BF4B-00C04F79EFBC}") = "eBayHero.Plugins.CardOps", "src\eBayHero.Plugins.CardOps\eBayHero.Plugins.CardOps.csproj", "{4CCE05C7-0984-406F-9373-D89B6CD639D6}"
EndProject
Project("{FAE04EC0-301F-11D3-BF4B-00C04F79EFBC}") = "eBayHero.Plugins.Stamplicity", "src\eBayHero.Plugins.Stamplicity\eBayHero.Plugins.Stamplicity.csproj", "{8574536F-9C31-466D-B1EE-BC3A54530D2C}"
EndProject
Project("{FAE04EC0-301F-11D3-BF4B-00C04F79EFBC}") = "eBayHero.Plugins.AiSuite", "src\eBayHero.Plugins.AiSuite\eBayHero.Plugins.AiSuite.csproj", "{4522A73B-EFDF-4DF8-B9DB-D076F61FF49D}"
EndProject
Project("{2150E333-8FDC-42A3-9474-1A3956D46DE8}") = "tests", "tests", "{3E40DDAC-1298-4B94-A932-40D0289797A3}"
EndProject
Project("{FAE04EC0-301F-11D3-BF4B-00C04F79EFBC}") = "eBayHero.Plugins.Tests", "tests\eBayHero.Plugins.Tests\eBayHero.Plugins.Tests.csproj", "{5FDC8012-E0CC-466F-B346-8CBCEDF80C1C}"
EndProject
Global
	GlobalSection(SolutionConfigurationPlatforms) = preSolution
		Debug|Any CPU = Debug|Any CPU
		Debug|x64 = Debug|x64
		Debug|x86 = Debug|x86
		Release|Any CPU = Release|Any CPU
		Release|x64 = Release|x64
		Release|x86 = Release|x86
	EndGlobalSection
	GlobalSection(ProjectConfigurationPlatforms) = postSolution
		{641456A2-C01A-4676-8528-F3667370CB9A}.Debug|Any CPU.ActiveCfg = Debug|Any CPU
		{641456A2-C01A-4676-8528-F3667370CB9A}.Debug|Any CPU.Build.0 = Debug|Any CPU
		{641456A2-C01A-4676-8528-F3667370CB9A}.Debug|x64.ActiveCfg = Debug|Any CPU
		{641456A2-C01A-4676-8528-F3667370CB9A}.Debug|x64.Build.0 = Debug|Any CPU
		{641456A2-C01A-4676-8528-F3667370CB9A}.Debug|x86.ActiveCfg = Debug|Any CPU
		{641456A2-C01A-4676-8528-F3667370CB9A}.Debug|x86.Build.0 = Debug|Any CPU
		{641456A2-C01A-4676-8528-F3667370CB9A}.Release|Any CPU.ActiveCfg = Release|Any CPU
		{641456A2-C01A-4676-8528-F3667370CB9A}.Release|Any CPU.Build.0 = Release|Any CPU
		{641456A2-C01A-4676-8528-F3667370CB9A}.Release|x64.ActiveCfg = Release|Any CPU
		{641456A2-C01A-4676-8528-F3667370CB9A}.Release|x64.Build.0 = Release|Any CPU
		{641456A2-C01A-4676-8528-F3667370CB9A}.Release|x86.ActiveCfg = Release|Any CPU
		{641456A2-C01A-4676-8528-F3667370CB9A}.Release|x86.Build.0 = Release|Any CPU
		{C2BD3ED9-6D81-4979-9818-7EFAC50C45C1}.Debug|Any CPU.ActiveCfg = Debug|Any CPU
		{C2BD3ED9-6D81-4979-9818-7EFAC50C45C1}.Debug|Any CPU.Build.0 = Debug|Any CPU
		{C2BD3ED9-6D81-4979-9818-7EFAC50C45C1}.Debug|x64.ActiveCfg = Debug|Any CPU
		{C2BD3ED9-6D81-4979-9818-7EFAC50C45C1}.Debug|x64.Build.0 = Debug|Any CPU
		{C2BD3ED9-6D81-4979-9818-7EFAC50C45C1}.Debug|x86.ActiveCfg = Debug|Any CPU
		{C2BD3ED9-6D81-4979-9818-7EFAC50C45C1}.Debug|x86.Build.0 = Debug|Any CPU
		{C2BD3ED9-6D81-4979-9818-7EFAC50C45C1}.Release|Any CPU.ActiveCfg = Release|Any CPU
		{C2BD3ED9-6D81-4979-9818-7EFAC50C45C1}.Release|Any CPU.Build.0 = Release|Any CPU
		{C2BD3ED9-6D81-4979-9818-7EFAC50C45C1}.Release|x64.ActiveCfg = Release|Any CPU
		{C2BD3ED9-6D81-4979-9818-7EFAC50C45C1}.Release|x64.Build.0 = Release|Any CPU
		{C2BD3ED9-6D81-4979-9818-7EFAC50C45C1}.Release|x86.ActiveCfg = Release|Any CPU
		{C2BD3ED9-6D81-4979-9818-7EFAC50C45C1}.Release|x86.Build.0 = Release|Any CPU
		{A76FD780-FDD0-428F-871D-E70AC1504351}.Debug|Any CPU.ActiveCfg = Debug|Any CPU
		{A76FD780-FDD0-428F-871D-E70AC1504351}.Debug|Any CPU.Build.0 = Debug|Any CPU
		{A76FD780-FDD0-428F-871D-E70AC1504351}.Debug|x64.ActiveCfg = Debug|Any CPU
		{A76FD780-FDD0-428F-871D-E70AC1504351}.Debug|x64.Build.0 = Debug|Any CPU
		{A76FD780-FDD0-428F-871D-E70AC1504351}.Debug|x86.ActiveCfg = Debug|Any CPU
		{A76FD780-FDD0-428F-871D-E70AC1504351}.Debug|x86.Build.0 = Debug|Any CPU
		{A76FD780-FDD0-428F-871D-E70AC1504351}.Release|Any CPU.ActiveCfg = Release|Any CPU
		{A76FD780-FDD0-428F-871D-E70AC1504351}.Release|Any CPU.Build.0 = Release|Any CPU
		{A76FD780-FDD0-428F-871D-E70AC1504351}.Release|x64.ActiveCfg = Release|Any CPU
		{A76FD780-FDD0-428F-871D-E70AC1504351}.Release|x64.Build.0 = Release|Any CPU
		{A76FD780-FDD0-428F-871D-E70AC1504351}.Release|x86.ActiveCfg = Release|Any CPU
		{A76FD780-FDD0-428F-871D-E70AC1504351}.Release|x86.Build.0 = Release|Any CPU
		{AA918C32-C725-4562-B56C-42104C74CCCB}.Debug|Any CPU.ActiveCfg = Debug|Any CPU
		{AA918C32-C725-4562-B56C-42104C74CCCB}.Debug|Any CPU.Build.0 = Debug|Any CPU
		{AA918C32-C725-4562-B56C-42104C74CCCB}.Debug|x64.ActiveCfg = Debug|Any CPU
		{AA918C32-C725-4562-B56C-42104C74CCCB}.Debug|x64.Build.0 = Debug|Any CPU
		{AA918C32-C725-4562-B56C-42104C74CCCB}.Debug|x86.ActiveCfg = Debug|Any CPU
		{AA918C32-C725-4562-B56C-42104C74CCCB}.Debug|x86.Build.0 = Debug|Any CPU
		{AA918C32-C725-4562-B56C-42104C74CCCB}.Release|Any CPU.ActiveCfg = Release|Any CPU
		{AA918C32-C725-4562-B56C-42104C74CCCB}.Release|Any CPU.Build.0 = Release|Any CPU
		{AA918C32-C725-4562-B56C-42104C74CCCB}.Release|x64.ActiveCfg = Release|Any CPU
		{AA918C32-C725-4562-B56C-42104C74CCCB}.Release|x64.Build.0 = Release|Any CPU
		{AA918C32-C725-4562-B56C-42104C74CCCB}.Release|x86.ActiveCfg = Release|Any CPU
		{AA918C32-C725-4562-B56C-42104C74CCCB}.Release|x86.Build.0 = Release|Any CPU
		{3DAB9F8A-E93D-4160-833E-6064CC840036}.Debug|Any CPU.ActiveCfg = Debug|Any CPU
		{3DAB9F8A-E93D-4160-833E-6064CC840036}.Debug|Any CPU.Build.0 = Debug|Any CPU
		{3DAB9F8A-E93D-4160-833E-6064CC840036}.Debug|x64.ActiveCfg = Debug|Any CPU
		{3DAB9F8A-E93D-4160-833E-6064CC840036}.Debug|x64.Build.0 = Debug|Any CPU
		{3DAB9F8A-E93D-4160-833E-6064CC840036}.Debug|x86.ActiveCfg = Debug|Any CPU
		{3DAB9F8A-E93D-4160-833E-6064CC840036}.Debug|x86.Build.0 = Debug|Any CPU
		{3DAB9F8A-E93D-4160-833E-6064CC840036}.Release|Any CPU.ActiveCfg = Release|Any CPU
		{3DAB9F8A-E93D-4160-833E-6064CC840036}.Release|Any CPU.Build.0 = Release|Any CPU
		{3DAB9F8A-E93D-4160-833E-6064CC840036}.Release|x64.ActiveCfg = Release|Any CPU
		{3DAB9F8A-E93D-4160-833E-6064CC840036}.Release|x64.Build.0 = Release|Any CPU
		{3DAB9F8A-E93D-4160-833E-6064CC840036}.Release|x86.ActiveCfg = Release|Any CPU
		{3DAB9F8A-E93D-4160-833E-6064CC840036}.Release|x86.Build.0 = Release|Any CPU
		{56933613-6638-4B01-874C-B070C0C2184B}.Debug|Any CPU.ActiveCfg = Debug|Any CPU
		{56933613-6638-4B01-874C-B070C0C2184B}.Debug|Any CPU.Build.0 = Debug|Any CPU
		{56933613-6638-4B01-874C-B070C0C2184B}.Debug|x64.ActiveCfg = Debug|Any CPU
		{56933613-6638-4B01-874C-B070C0C2184B}.Debug|x64.Build.0 = Debug|Any CPU
		{56933613-6638-4B01-874C-B070C0C2184B}.Debug|x86.ActiveCfg = Debug|Any CPU
		{56933613-6638-4B01-874C-B070C0C2184B}.Debug|x86.Build.0 = Debug|Any CPU
		{56933613-6638-4B01-874C-B070C0C2184B}.Release|Any CPU.ActiveCfg = Release|Any CPU
		{56933613-6638-4B01-874C-B070C0C2184B}.Release|Any CPU.Build.0 = Release|Any CPU
		{56933613-6638-4B01-874C-B070C0C2184B}.Release|x64.ActiveCfg = Release|Any CPU
		{56933613-6638-4B01-874C-B070C0C2184B}.Release|x64.Build.0 = Release|Any CPU
		{56933613-6638-4B01-874C-B070C0C2184B}.Release|x86.ActiveCfg = Release|Any CPU
		{56933613-6638-4B01-874C-B070C0C2184B}.Release|x86.Build.0 = Release|Any CPU
		{534AA391-BC32-4002-AE8E-7D5BD36C0A8E}.Debug|Any CPU.ActiveCfg = Debug|Any CPU
		{534AA391-BC32-4002-AE8E-7D5BD36C0A8E}.Debug|Any CPU.Build.0 = Debug|Any CPU
		{534AA391-BC32-4002-AE8E-7D5BD36C0A8E}.Debug|x64.ActiveCfg = Debug|Any CPU
		{534AA391-BC32-4002-AE8E-7D5BD36C0A8E}.Debug|x64.Build.0 = Debug|Any CPU
		{534AA391-BC32-4002-AE8E-7D5BD36C0A8E}.Debug|x86.ActiveCfg = Debug|Any CPU
		{534AA391-BC32-4002-AE8E-7D5BD36C0A8E}.Debug|x86.Build.0 = Debug|Any CPU
		{534AA391-BC32-4002-AE8E-7D5BD36C0A8E}.Release|Any CPU.ActiveCfg = Release|Any CPU
		{534AA391-BC32-4002-AE8E-7D5BD36C0A8E}.Release|Any CPU.Build.0 = Release|Any CPU
		{534AA391-BC32-4002-AE8E-7D5BD36C0A8E}.Release|x64.ActiveCfg = Release|Any CPU
		{534AA391-BC32-4002-AE8E-7D5BD36C0A8E}.Release|x64.Build.0 = Release|Any CPU
		{534AA391-BC32-4002-AE8E-7D5BD36C0A8E}.Release|x86.ActiveCfg = Release|Any CPU
		{534AA391-BC32-4002-AE8E-7D5BD36C0A8E}.Release|x86.Build.0 = Release|Any CPU
		{D26E6807-FDFE-4CF6-A392-BFD5D44B3C4C}.Debug|Any CPU.ActiveCfg = Debug|Any CPU
		{D26E6807-FDFE-4CF6-A392-BFD5D44B3C4C}.Debug|Any CPU.Build.0 = Debug|Any CPU
		{D26E6807-FDFE-4CF6-A392-BFD5D44B3C4C}.Debug|x64.ActiveCfg = Debug|Any CPU
		{D26E6807-FDFE-4CF6-A392-BFD5D44B3C4C}.Debug|x64.Build.0 = Debug|Any CPU
		{D26E6807-FDFE-4CF6-A392-BFD5D44B3C4C}.Debug|x86.ActiveCfg = Debug|Any CPU
		{D26E6807-FDFE-4CF6-A392-BFD5D44B3C4C}.Debug|x86.Build.0 = Debug|Any CPU
		{D26E6807-FDFE-4CF6-A392-BFD5D44B3C4C}.Release|Any CPU.ActiveCfg = Release|Any CPU
		{D26E6807-FDFE-4CF6-A392-BFD5D44B3C4C}.Release|Any CPU.Build.0 = Release|Any CPU
		{D26E6807-FDFE-4CF6-A392-BFD5D44B3C4C}.Release|x64.ActiveCfg = Release|Any CPU
		{D26E6807-FDFE-4CF6-A392-BFD5D44B3C4C}.Release|x64.Build.0 = Release|Any CPU
		{D26E6807-FDFE-4CF6-A392-BFD5D44B3C4C}.Release|x86.ActiveCfg = Release|Any CPU
		{D26E6807-FDFE-4CF6-A392-BFD5D44B3C4C}.Release|x86.Build.0 = Release|Any CPU
		{90E2089A-F009-4D0B-8A18-141D73D8FDC1}.Debug|Any CPU.ActiveCfg = Debug|Any CPU
		{90E2089A-F009-4D0B-8A18-141D73D8FDC1}.Debug|Any CPU.Build.0 = Debug|Any CPU
		{90E2089A-F009-4D0B-8A18-141D73D8FDC1}.Debug|x64.ActiveCfg = Debug|Any CPU
		{90E2089A-F009-4D0B-8A18-141D73D8FDC1}.Debug|x64.Build.0 = Debug|Any CPU
		{90E2089A-F009-4D0B-8A18-141D73D8FDC1}.Debug|x86.ActiveCfg = Debug|Any CPU
		{90E2089A-F009-4D0B-8A18-141D73D8FDC1}.Debug|x86.Build.0 = Debug|Any CPU
		{90E2089A-F009-4D0B-8A18-141D73D8FDC1}.Release|Any CPU.ActiveCfg = Release|Any CPU
		{90E2089A-F009-4D0B-8A18-141D73D8FDC1}.Release|Any CPU.Build.0 = Release|Any CPU
		{90E2089A-F009-4D0B-8A18-141D73D8FDC1}.Release|x64.ActiveCfg = Release|Any CPU
		{90E2089A-F009-4D0B-8A18-141D73D8FDC1}.Release|x64.Build.0 = Release|Any CPU
		{90E2089A-F009-4D0B-8A18-141D73D8FDC1}.Release|x86.ActiveCfg = Release|Any CPU
		{90E2089A-F009-4D0B-8A18-141D73D8FDC1}.Release|x86.Build.0 = Release|Any CPU
		{62A633E9-7B81-43E9-876D-594D7160FAF2}.Debug|Any CPU.ActiveCfg = Debug|Any CPU
		{62A633E9-7B81-43E9-876D-594D7160FAF2}.Debug|Any CPU.Build.0 = Debug|Any CPU
		{62A633E9-7B81-43E9-876D-594D7160FAF2}.Debug|x64.ActiveCfg = Debug|Any CPU
		{62A633E9-7B81-43E9-876D-594D7160FAF2}.Debug|x64.Build.0 = Debug|Any CPU
		{62A633E9-7B81-43E9-876D-594D7160FAF2}.Debug|x86.ActiveCfg = Debug|Any CPU
		{62A633E9-7B81-43E9-876D-594D7160FAF2}.Debug|x86.Build.0 = Debug|Any CPU
		{62A633E9-7B81-43E9-876D-594D7160FAF2}.Release|Any CPU.ActiveCfg = Release|Any CPU
		{62A633E9-7B81-43E9-876D-594D7160FAF2}.Release|Any CPU.Build.0 = Release|Any CPU
		{62A633E9-7B81-43E9-876D-594D7160FAF2}.Release|x64.ActiveCfg = Release|Any CPU
		{62A633E9-7B81-43E9-876D-594D7160FAF2}.Release|x64.Build.0 = Release|Any CPU
		{62A633E9-7B81-43E9-876D-594D7160FAF2}.Release|x86.ActiveCfg = Release|Any CPU
		{62A633E9-7B81-43E9-876D-594D7160FAF2}.Release|x86.Build.0 = Release|Any CPU
		{5179B367-B5A4-439D-AC93-D68B3286E19E}.Debug|Any CPU.ActiveCfg = Debug|Any CPU
		{5179B367-B5A4-439D-AC93-D68B3286E19E}.Debug|Any CPU.Build.0 = Debug|Any CPU
		{5179B367-B5A4-439D-AC93-D68B3286E19E}.Debug|x64.ActiveCfg = Debug|Any CPU
		{5179B367-B5A4-439D-AC93-D68B3286E19E}.Debug|x64.Build.0 = Debug|Any CPU
		{5179B367-B5A4-439D-AC93-D68B3286E19E}.Debug|x86.ActiveCfg = Debug|Any CPU
		{5179B367-B5A4-439D-AC93-D68B3286E19E}.Debug|x86.Build.0 = Debug|Any CPU
		{5179B367-B5A4-439D-AC93-D68B3286E19E}.Release|Any CPU.ActiveCfg = Release|Any CPU
		{5179B367-B5A4-439D-AC93-D68B3286E19E}.Release|Any CPU.Build.0 = Release|Any CPU
		{5179B367-B5A4-439D-AC93-D68B3286E19E}.Release|x64.ActiveCfg = Release|Any CPU
		{5179B367-B5A4-439D-AC93-D68B3286E19E}.Release|x64.Build.0 = Release|Any CPU
		{5179B367-B5A4-439D-AC93-D68B3286E19E}.Release|x86.ActiveCfg = Release|Any CPU
		{5179B367-B5A4-439D-AC93-D68B3286E19E}.Release|x86.Build.0 = Release|Any CPU
		{A9C1E7F7-474B-4F9E-8247-17F069991AF2}.Debug|Any CPU.ActiveCfg = Debug|Any CPU
		{A9C1E7F7-474B-4F9E-8247-17F069991AF2}.Debug|Any CPU.Build.0 = Debug|Any CPU
		{A9C1E7F7-474B-4F9E-8247-17F069991AF2}.Debug|x64.ActiveCfg = Debug|Any CPU
		{A9C1E7F7-474B-4F9E-8247-17F069991AF2}.Debug|x64.Build.0 = Debug|Any CPU
		{A9C1E7F7-474B-4F9E-8247-17F069991AF2}.Debug|x86.ActiveCfg = Debug|Any CPU
		{A9C1E7F7-474B-4F9E-8247-17F069991AF2}.Debug|x86.Build.0 = Debug|Any CPU
		{A9C1E7F7-474B-4F9E-8247-17F069991AF2}.Release|Any CPU.ActiveCfg = Release|Any CPU
		{A9C1E7F7-474B-4F9E-8247-17F069991AF2}.Release|Any CPU.Build.0 = Release|Any CPU
		{A9C1E7F7-474B-4F9E-8247-17F069991AF2}.Release|x64.ActiveCfg = Release|Any CPU
		{A9C1E7F7-474B-4F9E-8247-17F069991AF2}.Release|x64.Build.0 = Release|Any CPU
		{A9C1E7F7-474B-4F9E-8247-17F069991AF2}.Release|x86.ActiveCfg = Release|Any CPU
		{A9C1E7F7-474B-4F9E-8247-17F069991AF2}.Release|x86.Build.0 = Release|Any CPU
		{4CCE05C7-0984-406F-9373-D89B6CD639D6}.Debug|Any CPU.ActiveCfg = Debug|Any CPU
		{4CCE05C7-0984-406F-9373-D89B6CD639D6}.Debug|Any CPU.Build.0 = Debug|Any CPU
		{4CCE05C7-0984-406F-9373-D89B6CD639D6}.Debug|x64.ActiveCfg = Debug|Any CPU
		{4CCE05C7-0984-406F-9373-D89B6CD639D6}.Debug|x64.Build.0 = Debug|Any CPU
		{4CCE05C7-0984-406F-9373-D89B6CD639D6}.Debug|x86.ActiveCfg = Debug|Any CPU
		{4CCE05C7-0984-406F-9373-D89B6CD639D6}.Debug|x86.Build.0 = Debug|Any CPU
		{4CCE05C7-0984-406F-9373-D89B6CD639D6}.Release|Any CPU.ActiveCfg = Release|Any CPU
		{4CCE05C7-0984-406F-9373-D89B6CD639D6}.Release|Any CPU.Build.0 = Release|Any CPU
		{4CCE05C7-0984-406F-9373-D89B6CD639D6}.Release|x64.ActiveCfg = Release|Any CPU
		{4CCE05C7-0984-406F-9373-D89B6CD639D6}.Release|x64.Build.0 = Release|Any CPU
		{4CCE05C7-0984-406F-9373-D89B6CD639D6}.Release|x86.ActiveCfg = Release|Any CPU
		{4CCE05C7-0984-406F-9373-D89B6CD639D6}.Release|x86.Build.0 = Release|Any CPU
		{8574536F-9C31-466D-B1EE-BC3A54530D2C}.Debug|Any CPU.ActiveCfg = Debug|Any CPU
		{8574536F-9C31-466D-B1EE-BC3A54530D2C}.Debug|Any CPU.Build.0 = Debug|Any CPU
		{8574536F-9C31-466D-B1EE-BC3A54530D2C}.Debug|x64.ActiveCfg = Debug|Any CPU
		{8574536F-9C31-466D-B1EE-BC3A54530D2C}.Debug|x64.Build.0 = Debug|Any CPU
		{8574536F-9C31-466D-B1EE-BC3A54530D2C}.Debug|x86.ActiveCfg = Debug|Any CPU
		{8574536F-9C31-466D-B1EE-BC3A54530D2C}.Debug|x86.Build.0 = Debug|Any CPU
		{8574536F-9C31-466D-B1EE-BC3A54530D2C}.Release|Any CPU.ActiveCfg = Release|Any CPU
		{8574536F-9C31-466D-B1EE-BC3A54530D2C}.Release|Any CPU.Build.0 = Release|Any CPU
		{8574536F-9C31-466D-B1EE-BC3A54530D2C}.Release|x64.ActiveCfg = Release|Any CPU
		{8574536F-9C31-466D-B1EE-BC3A54530D2C}.Release|x64.Build.0 = Release|Any CPU
		{8574536F-9C31-466D-B1EE-BC3A54530D2C}.Release|x86.ActiveCfg = Release|Any CPU
		{8574536F-9C31-466D-B1EE-BC3A54530D2C}.Release|x86.Build.0 = Release|Any CPU
		{4522A73B-EFDF-4DF8-B9DB-D076F61FF49D}.Debug|Any CPU.ActiveCfg = Debug|Any CPU
		{4522A73B-EFDF-4DF8-B9DB-D076F61FF49D}.Debug|Any CPU.Build.0 = Debug|Any CPU
		{4522A73B-EFDF-4DF8-B9DB-D076F61FF49D}.Debug|x64.ActiveCfg = Debug|Any CPU
		{4522A73B-EFDF-4DF8-B9DB-D076F61FF49D}.Debug|x64.Build.0 = Debug|Any CPU
		{4522A73B-EFDF-4DF8-B9DB-D076F61FF49D}.Debug|x86.ActiveCfg = Debug|Any CPU
		{4522A73B-EFDF-4DF8-B9DB-D076F61FF49D}.Debug|x86.Build.0 = Debug|Any CPU
		{4522A73B-EFDF-4DF8-B9DB-D076F61FF49D}.Release|Any CPU.ActiveCfg = Release|Any CPU
		{4522A73B-EFDF-4DF8-B9DB-D076F61FF49D}.Release|Any CPU.Build.0 = Release|Any CPU
		{4522A73B-EFDF-4DF8-B9DB-D076F61FF49D}.Release|x64.ActiveCfg = Release|Any CPU
		{4522A73B-EFDF-4DF8-B9DB-D076F61FF49D}.Release|x64.Build.0 = Release|Any CPU
		{4522A73B-EFDF-4DF8-B9DB-D076F61FF49D}.Release|x86.ActiveCfg = Release|Any CPU
		{4522A73B-EFDF-4DF8-B9DB-D076F61FF49D}.Release|x86.Build.0 = Release|Any CPU
		{5FDC8012-E0CC-466F-B346-8CBCEDF80C1C}.Debug|Any CPU.ActiveCfg = Debug|Any CPU
		{5FDC8012-E0CC-466F-B346-8CBCEDF80C1C}.Debug|Any CPU.Build.0 = Debug|Any CPU
		{5FDC8012-E0CC-466F-B346-8CBCEDF80C1C}.Debug|x64.ActiveCfg = Debug|Any CPU
		{5FDC8012-E0CC-466F-B346-8CBCEDF80C1C}.Debug|x64.Build.0 = Debug|Any CPU
		{5FDC8012-E0CC-466F-B346-8CBCEDF80C1C}.Debug|x86.ActiveCfg = Debug|Any CPU
		{5FDC8012-E0CC-466F-B346-8CBCEDF80C1C}.Debug|x86.Build.0 = Debug|Any CPU
		{5FDC8012-E0CC-466F-B346-8CBCEDF80C1C}.Release|Any CPU.ActiveCfg = Release|Any CPU
		{5FDC8012-E0CC-466F-B346-8CBCEDF80C1C}.Release|Any CPU.Build.0 = Release|Any CPU
		{5FDC8012-E0CC-466F-B346-8CBCEDF80C1C}.Release|x64.ActiveCfg = Release|Any CPU
		{5FDC8012-E0CC-466F-B346-8CBCEDF80C1C}.Release|x64.Build.0 = Release|Any CPU
		{5FDC8012-E0CC-466F-B346-8CBCEDF80C1C}.Release|x86.ActiveCfg = Release|Any CPU
		{5FDC8012-E0CC-466F-B346-8CBCEDF80C1C}.Release|x86.Build.0 = Release|Any CPU
	EndGlobalSection
	GlobalSection(SolutionProperties) = preSolution
		HideSolutionNode = FALSE
	EndGlobalSection
	GlobalSection(NestedProjects) = preSolution
		{641456A2-C01A-4676-8528-F3667370CB9A} = {827E0CD3-B72D-47B6-A68D-7590B98EB39B}
		{C2BD3ED9-6D81-4979-9818-7EFAC50C45C1} = {827E0CD3-B72D-47B6-A68D-7590B98EB39B}
		{A76FD780-FDD0-428F-871D-E70AC1504351} = {827E0CD3-B72D-47B6-A68D-7590B98EB39B}
		{AA918C32-C725-4562-B56C-42104C74CCCB} = {827E0CD3-B72D-47B6-A68D-7590B98EB39B}
		{3DAB9F8A-E93D-4160-833E-6064CC840036} = {827E0CD3-B72D-47B6-A68D-7590B98EB39B}
		{56933613-6638-4B01-874C-B070C0C2184B} = {827E0CD3-B72D-47B6-A68D-7590B98EB39B}
		{534AA391-BC32-4002-AE8E-7D5BD36C0A8E} = {827E0CD3-B72D-47B6-A68D-7590B98EB39B}
		{D26E6807-FDFE-4CF6-A392-BFD5D44B3C4C} = {827E0CD3-B72D-47B6-A68D-7590B98EB39B}
		{90E2089A-F009-4D0B-8A18-141D73D8FDC1} = {827E0CD3-B72D-47B6-A68D-7590B98EB39B}
		{62A633E9-7B81-43E9-876D-594D7160FAF2} = {827E0CD3-B72D-47B6-A68D-7590B98EB39B}
		{5179B367-B5A4-439D-AC93-D68B3286E19E} = {827E0CD3-B72D-47B6-A68D-7590B98EB39B}
		{A9C1E7F7-474B-4F9E-8247-17F069991AF2} = {827E0CD3-B72D-47B6-A68D-7590B98EB39B}
		{4CCE05C7-0984-406F-9373-D89B6CD639D6} = {827E0CD3-B72D-47B6-A68D-7590B98EB39B}
		{8574536F-9C31-466D-B1EE-BC3A54530D2C} = {827E0CD3-B72D-47B6-A68D-7590B98EB39B}
		{4522A73B-EFDF-4DF8-B9DB-D076F61FF49D} = {827E0CD3-B72D-47B6-A68D-7590B98EB39B}
		{5FDC8012-E0CC-466F-B346-8CBCEDF80C1C} = {3E40DDAC-1298-4B94-A932-40D0289797A3}
	EndGlobalSection
EndGlobal
