
Microsoft Visual Studio Solution File, Format Version 12.00
# Visual Studio Version 17
VisualStudioVersion = 17.0.31903.59
MinimumVisualStudioVersion = 10.0.40219.1
Project("{2150E333-8FDC-42A3-9474-1A3956D46DE8}") = "csharp", "csharp", "{B41BF331-FCCB-2ADF-CDB6-767964B34647}"
EndProject
Project("{2150E333-8FDC-42A3-9474-1A3956D46DE8}") = "src", "src", "{CFAAF5F3-0826-0382-279F-15A025608506}"
EndProject
Project("{FAE04EC0-301F-11D3-BF4B-00C04F79EFBC}") = "eBayHero.Core", "csharp\src\eBayHero.Core\eBayHero.Core.csproj", "{BD7FB524-13DB-4D08-8F6A-17EDBBF857A5}"
EndProject
Project("{FAE04EC0-301F-11D3-BF4B-00C04F79EFBC}") = "eBayHero.Infrastructure", "csharp\src\eBayHero.Infrastructure\eBayHero.Infrastructure.csproj", "{1B092781-3D12-4290-ACA1-FDD4F5E5C4F3}"
EndProject
Project("{FAE04EC0-301F-11D3-BF4B-00C04F79EFBC}") = "eBayHero.Ocr", "csharp\src\eBayHero.Ocr\eBayHero.Ocr.csproj", "{9C8C7E2E-F261-4785-83A2-6C1F2560B17A}"
EndProject
Project("{FAE04EC0-301F-11D3-BF4B-00C04F79EFBC}") = "eBayHero.FileSystem", "csharp\src\eBayHero.FileSystem\eBayHero.FileSystem.csproj", "{7D790DC6-F590-47DA-A372-E557195EC251}"
EndProject
Project("{FAE04EC0-301F-11D3-BF4B-00C04F79EFBC}") = "eBayHero.Export", "csharp\src\eBayHero.Export\eBayHero.Export.csproj", "{A0D86B82-FDD1-4AB5-A1EF-474524A98E13}"
EndProject
Project("{FAE04EC0-301F-11D3-BF4B-00C04F79EFBC}") = "eBayHero.App", "csharp\src\eBayHero.App\eBayHero.App.csproj", "{E13F06A4-C0EC-4283-AA2F-6D7D124EA1E7}"
EndProject
Project("{FAE04EC0-301F-11D3-BF4B-00C04F79EFBC}") = "eBayHero.Migrator", "csharp\tools\eBayHero.Migrator\eBayHero.Migrator.csproj", "{0E6CB118-204C-4BF2-A56D-E16CA4C28FD4}"
EndProject
Project("{FAE04EC0-301F-11D3-BF4B-00C04F79EFBC}") = "eBayHero.Cli", "csharp\tools\eBayHero.Cli\eBayHero.Cli.csproj", "{2EA09339-7889-40CB-B879-45CA7BB55DBF}"
EndProject
Project("{FAE04EC0-301F-11D3-BF4B-00C04F79EFBC}") = "eBayHero.Core.Tests", "csharp\tests\eBayHero.Core.Tests\eBayHero.Core.Tests.csproj", "{97A23C1C-F8FB-4A53-B671-091F12BE23A3}"
EndProject
Project("{FAE04EC0-301F-11D3-BF4B-00C04F79EFBC}") = "eBayHero.Infrastructure.Tests", "csharp\tests\eBayHero.Infrastructure.Tests\eBayHero.Infrastructure.Tests.csproj", "{1C96623F-AD6F-41D9-B3D7-448DB92E16B3}"
EndProject
Project("{FAE04EC0-301F-11D3-BF4B-00C04F79EFBC}") = "eBayHero.IntegrationTests", "csharp\tests\eBayHero.IntegrationTests\eBayHero.IntegrationTests.csproj", "{4640336E-C037-4BE8-9272-A9454F8B5007}"
EndProject
Project("{FAE04EC0-301F-11D3-BF4B-00C04F79EFBC}") = "eBayHero.UiTests", "csharp\tests\eBayHero.UiTests\eBayHero.UiTests.csproj", "{D500B571-833A-4AEC-984F-B4058294D873}"
EndProject
Global
	GlobalSection(SolutionConfigurationPlatforms) = preSolution
		Debug|Any CPU = Debug|Any CPU
		Debug|x64 = Debug|x64
		Debug|x86 = Debug|x86
		Release|Any CPU = Release|Any CPU
		Release|x64 = Release|x64
		Release|x86 = Release|x86
	EndGlobalSection
	GlobalSection(ProjectConfigurationPlatforms) = postSolution
		{BD7FB524-13DB-4D08-8F6A-17EDBBF857A5}.Debug|Any CPU.ActiveCfg = Debug|Any CPU
		{BD7FB524-13DB-4D08-8F6A-17EDBBF857A5}.Debug|Any CPU.Build.0 = Debug|Any CPU
		{BD7FB524-13DB-4D08-8F6A-17EDBBF857A5}.Debug|x64.ActiveCfg = Debug|Any CPU
		{BD7FB524-13DB-4D08-8F6A-17EDBBF857A5}.Debug|x64.Build.0 = Debug|Any CPU
		{BD7FB524-13DB-4D08-8F6A-17EDBBF857A5}.Debug|x86.ActiveCfg = Debug|Any CPU
		{BD7FB524-13DB-4D08-8F6A-17EDBBF857A5}.Debug|x86.Build.0 = Debug|Any CPU
		{BD7FB524-13DB-4D08-8F6A-17EDBBF857A5}.Release|Any CPU.ActiveCfg = Release|Any CPU
		{BD7FB524-13DB-4D08-8F6A-17EDBBF857A5}.Release|Any CPU.Build.0 = Release|Any CPU
		{BD7FB524-13DB-4D08-8F6A-17EDBBF857A5}.Release|x64.ActiveCfg = Release|Any CPU
		{BD7FB524-13DB-4D08-8F6A-17EDBBF857A5}.Release|x64.Build.0 = Release|Any CPU
		{BD7FB524-13DB-4D08-8F6A-17EDBBF857A5}.Release|x86.ActiveCfg = Release|Any CPU
		{BD7FB524-13DB-4D08-8F6A-17EDBBF857A5}.Release|x86.Build.0 = Release|Any CPU
		{1B092781-3D12-4290-ACA1-FDD4F5E5C4F3}.Debug|Any CPU.ActiveCfg = Debug|Any CPU
		{1B092781-3D12-4290-ACA1-FDD4F5E5C4F3}.Debug|Any CPU.Build.0 = Debug|Any CPU
		{1B092781-3D12-4290-ACA1-FDD4F5E5C4F3}.Debug|x64.ActiveCfg = Debug|Any CPU
		{1B092781-3D12-4290-ACA1-FDD4F5E5C4F3}.Debug|x64.Build.0 = Debug|Any CPU
		{1B092781-3D12-4290-ACA1-FDD4F5E5C4F3}.Debug|x86.ActiveCfg = Debug|Any CPU
		{1B092781-3D12-4290-ACA1-FDD4F5E5C4F3}.Debug|x86.Build.0 = Debug|Any CPU
		{1B092781-3D12-4290-ACA1-FDD4F5E5C4F3}.Release|Any CPU.ActiveCfg = Release|Any CPU
		{1B092781-3D12-4290-ACA1-FDD4F5E5C4F3}.Release|Any CPU.Build.0 = Release|Any CPU
		{1B092781-3D12-4290-ACA1-FDD4F5E5C4F3}.Release|x64.ActiveCfg = Release|Any CPU
		{1B092781-3D12-4290-ACA1-FDD4F5E5C4F3}.Release|x64.Build.0 = Release|Any CPU
		{1B092781-3D12-4290-ACA1-FDD4F5E5C4F3}.Release|x86.ActiveCfg = Release|Any CPU
		{1B092781-3D12-4290-ACA1-FDD4F5E5C4F3}.Release|x86.Build.0 = Release|Any CPU
		{9C8C7E2E-F261-4785-83A2-6C1F2560B17A}.Debug|Any CPU.ActiveCfg = Debug|Any CPU
		{9C8C7E2E-F261-4785-83A2-6C1F2560B17A}.Debug|Any CPU.Build.0 = Debug|Any CPU
		{9C8C7E2E-F261-4785-83A2-6C1F2560B17A}.Debug|x64.ActiveCfg = Debug|Any CPU
		{9C8C7E2E-F261-4785-83A2-6C1F2560B17A}.Debug|x64.Build.0 = Debug|Any CPU
		{9C8C7E2E-F261-4785-83A2-6C1F2560B17A}.Debug|x86.ActiveCfg = Debug|Any CPU
		{9C8C7E2E-F261-4785-83A2-6C1F2560B17A}.Debug|x86.Build.0 = Debug|Any CPU
		{9C8C7E2E-F261-4785-83A2-6C1F2560B17A}.Release|Any CPU.ActiveCfg = Release|Any CPU
		{9C8C7E2E-F261-4785-83A2-6C1F2560B17A}.Release|Any CPU.Build.0 = Release|Any CPU
		{9C8C7E2E-F261-4785-83A2-6C1F2560B17A}.Release|x64.ActiveCfg = Release|Any CPU
		{9C8C7E2E-F261-4785-83A2-6C1F2560B17A}.Release|x64.Build.0 = Release|Any CPU
		{9C8C7E2E-F261-4785-83A2-6C1F2560B17A}.Release|x86.ActiveCfg = Release|Any CPU
		{9C8C7E2E-F261-4785-83A2-6C1F2560B17A}.Release|x86.Build.0 = Release|Any CPU
		{7D790DC6-F590-47DA-A372-E557195EC251}.Debug|Any CPU.ActiveCfg = Debug|Any CPU
		{7D790DC6-F590-47DA-A372-E557195EC251}.Debug|Any CPU.Build.0 = Debug|Any CPU
		{7D790DC6-F590-47DA-A372-E557195EC251}.Debug|x64.ActiveCfg = Debug|Any CPU
		{7D790DC6-F590-47DA-A372-E557195EC251}.Debug|x64.Build.0 = Debug|Any CPU
		{7D790DC6-F590-47DA-A372-E557195EC251}.Debug|x86.ActiveCfg = Debug|Any CPU
		{7D790DC6-F590-47DA-A372-E557195EC251}.Debug|x86.Build.0 = Debug|Any CPU
		{7D790DC6-F590-47DA-A372-E557195EC251}.Release|Any CPU.ActiveCfg = Release|Any CPU
		{7D790DC6-F590-47DA-A372-E557195EC251}.Release|Any CPU.Build.0 = Release|Any CPU
		{7D790DC6-F590-47DA-A372-E557195EC251}.Release|x64.ActiveCfg = Release|Any CPU
		{7D790DC6-F590-47DA-A372-E557195EC251}.Release|x64.Build.0 = Release|Any CPU
		{7D790DC6-F590-47DA-A372-E557195EC251}.Release|x86.ActiveCfg = Release|Any CPU
		{7D790DC6-F590-47DA-A372-E557195EC251}.Release|x86.Build.0 = Release|Any CPU
		{A0D86B82-FDD1-4AB5-A1EF-474524A98E13}.Debug|Any CPU.ActiveCfg = Debug|Any CPU
		{A0D86B82-FDD1-4AB5-A1EF-474524A98E13}.Debug|Any CPU.Build.0 = Debug|Any CPU
		{A0D86B82-FDD1-4AB5-A1EF-474524A98E13}.Debug|x64.ActiveCfg = Debug|Any CPU
		{A0D86B82-FDD1-4AB5-A1EF-474524A98E13}.Debug|x64.Build.0 = Debug|Any CPU
		{A0D86B82-FDD1-4AB5-A1EF-474524A98E13}.Debug|x86.ActiveCfg = Debug|Any CPU
		{A0D86B82-FDD1-4AB5-A1EF-474524A98E13}.Debug|x86.Build.0 = Debug|Any CPU
		{A0D86B82-FDD1-4AB5-A1EF-474524A98E13}.Release|Any CPU.ActiveCfg = Release|Any CPU
		{A0D86B82-FDD1-4AB5-A1EF-474524A98E13}.Release|Any CPU.Build.0 = Release|Any CPU
		{A0D86B82-FDD1-4AB5-A1EF-474524A98E13}.Release|x64.ActiveCfg = Release|Any CPU
		{A0D86B82-FDD1-4AB5-A1EF-474524A98E13}.Release|x64.Build.0 = Release|Any CPU
		{A0D86B82-FDD1-4AB5-A1EF-474524A98E13}.Release|x86.ActiveCfg = Release|Any CPU
		{A0D86B82-FDD1-4AB5-A1EF-474524A98E13}.Release|x86.Build.0 = Release|Any CPU
		{E13F06A4-C0EC-4283-AA2F-6D7D124EA1E7}.Debug|Any CPU.ActiveCfg = Debug|Any CPU
		{E13F06A4-C0EC-4283-AA2F-6D7D124EA1E7}.Debug|Any CPU.Build.0 = Debug|Any CPU
		{E13F06A4-C0EC-4283-AA2F-6D7D124EA1E7}.Debug|x64.ActiveCfg = Debug|Any CPU
		{E13F06A4-C0EC-4283-AA2F-6D7D124EA1E7}.Debug|x64.Build.0 = Debug|Any CPU
		{E13F06A4-C0EC-4283-AA2F-6D7D124EA1E7}.Debug|x86.ActiveCfg = Debug|Any CPU
		{E13F06A4-C0EC-4283-AA2F-6D7D124EA1E7}.Debug|x86.Build.0 = Debug|Any CPU
		{E13F06A4-C0EC-4283-AA2F-6D7D124EA1E7}.Release|Any CPU.ActiveCfg = Release|Any CPU
		{E13F06A4-C0EC-4283-AA2F-6D7D124EA1E7}.Release|Any CPU.Build.0 = Release|Any CPU
		{E13F06A4-C0EC-4283-AA2F-6D7D124EA1E7}.Release|x64.ActiveCfg = Release|Any CPU
		{E13F06A4-C0EC-4283-AA2F-6D7D124EA1E7}.Release|x64.Build.0 = Release|Any CPU
		{E13F06A4-C0EC-4283-AA2F-6D7D124EA1E7}.Release|x86.ActiveCfg = Release|Any CPU
		{E13F06A4-C0EC-4283-AA2F-6D7D124EA1E7}.Release|x86.Build.0 = Release|Any CPU
		{0E6CB118-204C-4BF2-A56D-E16CA4C28FD4}.Debug|Any CPU.ActiveCfg = Debug|Any CPU
		{0E6CB118-204C-4BF2-A56D-E16CA4C28FD4}.Debug|Any CPU.Build.0 = Debug|Any CPU
		{0E6CB118-204C-4BF2-A56D-E16CA4C28FD4}.Debug|x64.ActiveCfg = Debug|Any CPU
		{0E6CB118-204C-4BF2-A56D-E16CA4C28FD4}.Debug|x64.Build.0 = Debug|Any CPU
		{0E6CB118-204C-4BF2-A56D-E16CA4C28FD4}.Debug|x86.ActiveCfg = Debug|Any CPU
		{0E6CB118-204C-4BF2-A56D-E16CA4C28FD4}.Debug|x86.Build.0 = Debug|Any CPU
		{0E6CB118-204C-4BF2-A56D-E16CA4C28FD4}.Release|Any CPU.ActiveCfg = Release|Any CPU
		{0E6CB118-204C-4BF2-A56D-E16CA4C28FD4}.Release|Any CPU.Build.0 = Release|Any CPU
		{0E6CB118-204C-4BF2-A56D-E16CA4C28FD4}.Release|x64.ActiveCfg = Release|Any CPU
		{0E6CB118-204C-4BF2-A56D-E16CA4C28FD4}.Release|x64.Build.0 = Release|Any CPU
		{0E6CB118-204C-4BF2-A56D-E16CA4C28FD4}.Release|x86.ActiveCfg = Release|Any CPU
		{0E6CB118-204C-4BF2-A56D-E16CA4C28FD4}.Release|x86.Build.0 = Release|Any CPU
		{2EA09339-7889-40CB-B879-45CA7BB55DBF}.Debug|Any CPU.ActiveCfg = Debug|Any CPU
		{2EA09339-7889-40CB-B879-45CA7BB55DBF}.Debug|Any CPU.Build.0 = Debug|Any CPU
		{2EA09339-7889-40CB-B879-45CA7BB55DBF}.Debug|x64.ActiveCfg = Debug|Any CPU
		{2EA09339-7889-40CB-B879-45CA7BB55DBF}.Debug|x64.Build.0 = Debug|Any CPU
		{2EA09339-7889-40CB-B879-45CA7BB55DBF}.Debug|x86.ActiveCfg = Debug|Any CPU
		{2EA09339-7889-40CB-B879-45CA7BB55DBF}.Debug|x86.Build.0 = Debug|Any CPU
		{2EA09339-7889-40CB-B879-45CA7BB55DBF}.Release|Any CPU.ActiveCfg = Release|Any CPU
		{2EA09339-7889-40CB-B879-45CA7BB55DBF}.Release|Any CPU.Build.0 = Release|Any CPU
		{2EA09339-7889-40CB-B879-45CA7BB55DBF}.Release|x64.ActiveCfg = Release|Any CPU
		{2EA09339-7889-40CB-B879-45CA7BB55DBF}.Release|x64.Build.0 = Release|Any CPU
		{2EA09339-7889-40CB-B879-45CA7BB55DBF}.Release|x86.ActiveCfg = Release|Any CPU
		{2EA09339-7889-40CB-B879-45CA7BB55DBF}.Release|x86.Build.0 = Release|Any CPU
		{97A23C1C-F8FB-4A53-B671-091F12BE23A3}.Debug|Any CPU.ActiveCfg = Debug|Any CPU
		{97A23C1C-F8FB-4A53-B671-091F12BE23A3}.Debug|Any CPU.Build.0 = Debug|Any CPU
		{97A23C1C-F8FB-4A53-B671-091F12BE23A3}.Debug|x64.ActiveCfg = Debug|Any CPU
		{97A23C1C-F8FB-4A53-B671-091F12BE23A3}.Debug|x64.Build.0 = Debug|Any CPU
		{97A23C1C-F8FB-4A53-B671-091F12BE23A3}.Debug|x86.ActiveCfg = Debug|Any CPU
		{97A23C1C-F8FB-4A53-B671-091F12BE23A3}.Debug|x86.Build.0 = Debug|Any CPU
		{97A23C1C-F8FB-4A53-B671-091F12BE23A3}.Release|Any CPU.ActiveCfg = Release|Any CPU
		{97A23C1C-F8FB-4A53-B671-091F12BE23A3}.Release|Any CPU.Build.0 = Release|Any CPU
		{97A23C1C-F8FB-4A53-B671-091F12BE23A3}.Release|x64.ActiveCfg = Release|Any CPU
		{97A23C1C-F8FB-4A53-B671-091F12BE23A3}.Release|x64.Build.0 = Release|Any CPU
		{97A23C1C-F8FB-4A53-B671-091F12BE23A3}.Release|x86.ActiveCfg = Release|Any CPU
		{97A23C1C-F8FB-4A53-B671-091F12BE23A3}.Release|x86.Build.0 = Release|Any CPU
		{1C96623F-AD6F-41D9-B3D7-448DB92E16B3}.Debug|Any CPU.ActiveCfg = Debug|Any CPU
		{1C96623F-AD6F-41D9-B3D7-448DB92E16B3}.Debug|Any CPU.Build.0 = Debug|Any CPU
		{1C96623F-AD6F-41D9-B3D7-448DB92E16B3}.Debug|x64.ActiveCfg = Debug|Any CPU
		{1C96623F-AD6F-41D9-B3D7-448DB92E16B3}.Debug|x64.Build.0 = Debug|Any CPU
		{1C96623F-AD6F-41D9-B3D7-448DB92E16B3}.Debug|x86.ActiveCfg = Debug|Any CPU
		{1C96623F-AD6F-41D9-B3D7-448DB92E16B3}.Debug|x86.Build.0 = Debug|Any CPU
		{1C96623F-AD6F-41D9-B3D7-448DB92E16B3}.Release|Any CPU.ActiveCfg = Release|Any CPU
		{1C96623F-AD6F-41D9-B3D7-448DB92E16B3}.Release|Any CPU.Build.0 = Release|Any CPU
		{1C96623F-AD6F-41D9-B3D7-448DB92E16B3}.Release|x64.ActiveCfg = Release|Any CPU
		{1C96623F-AD6F-41D9-B3D7-448DB92E16B3}.Release|x64.Build.0 = Release|Any CPU
		{1C96623F-AD6F-41D9-B3D7-448DB92E16B3}.Release|x86.ActiveCfg = Release|Any CPU
		{1C96623F-AD6F-41D9-B3D7-448DB92E16B3}.Release|x86.Build.0 = Release|Any CPU
		{4640336E-C037-4BE8-9272-A9454F8B5007}.Debug|Any CPU.ActiveCfg = Debug|Any CPU
		{4640336E-C037-4BE8-9272-A9454F8B5007}.Debug|Any CPU.Build.0 = Debug|Any CPU
		{4640336E-C037-4BE8-9272-A9454F8B5007}.Debug|x64.ActiveCfg = Debug|Any CPU
		{4640336E-C037-4BE8-9272-A9454F8B5007}.Debug|x64.Build.0 = Debug|Any CPU
		{4640336E-C037-4BE8-9272-A9454F8B5007}.Debug|x86.ActiveCfg = Debug|Any CPU
		{4640336E-C037-4BE8-9272-A9454F8B5007}.Debug|x86.Build.0 = Debug|Any CPU
		{4640336E-C037-4BE8-9272-A9454F8B5007}.Release|Any CPU.ActiveCfg = Release|Any CPU
		{4640336E-C037-4BE8-9272-A9454F8B5007}.Release|Any CPU.Build.0 = Release|Any CPU
		{4640336E-C037-4BE8-9272-A9454F8B5007}.Release|x64.ActiveCfg = Release|Any CPU
		{4640336E-C037-4BE8-9272-A9454F8B5007}.Release|x64.Build.0 = Release|Any CPU
		{4640336E-C037-4BE8-9272-A9454F8B5007}.Release|x86.ActiveCfg = Release|Any CPU
		{4640336E-C037-4BE8-9272-A9454F8B5007}.Release|x86.Build.0 = Release|Any CPU
		{D500B571-833A-4AEC-984F-B4058294D873}.Debug|Any CPU.ActiveCfg = Debug|Any CPU
		{D500B571-833A-4AEC-984F-B4058294D873}.Debug|Any CPU.Build.0 = Debug|Any CPU
		{D500B571-833A-4AEC-984F-B4058294D873}.Debug|x64.ActiveCfg = Debug|Any CPU
		{D500B571-833A-4AEC-984F-B4058294D873}.Debug|x64.Build.0 = Debug|Any CPU
		{D500B571-833A-4AEC-984F-B4058294D873}.Debug|x86.ActiveCfg = Debug|Any CPU
		{D500B571-833A-4AEC-984F-B4058294D873}.Debug|x86.Build.0 = Debug|Any CPU
		{D500B571-833A-4AEC-984F-B4058294D873}.Release|Any CPU.ActiveCfg = Release|Any CPU
		{D500B571-833A-4AEC-984F-B4058294D873}.Release|Any CPU.Build.0 = Release|Any CPU
		{D500B571-833A-4AEC-984F-B4058294D873}.Release|x64.ActiveCfg = Release|Any CPU
		{D500B571-833A-4AEC-984F-B4058294D873}.Release|x64.Build.0 = Release|Any CPU
		{D500B571-833A-4AEC-984F-B4058294D873}.Release|x86.ActiveCfg = Release|Any CPU
		{D500B571-833A-4AEC-984F-B4058294D873}.Release|x86.Build.0 = Release|Any CPU
	EndGlobalSection
	GlobalSection(SolutionProperties) = preSolution
		HideSolutionNode = FALSE
	EndGlobalSection
	GlobalSection(NestedProjects) = preSolution
		{CFAAF5F3-0826-0382-279F-15A025608506} = {B41BF331-FCCB-2ADF-CDB6-767964B34647}
		{BD7FB524-13DB-4D08-8F6A-17EDBBF857A5} = {CFAAF5F3-0826-0382-279F-15A025608506}
		{1B092781-3D12-4290-ACA1-FDD4F5E5C4F3} = {CFAAF5F3-0826-0382-279F-15A025608506}
		{9C8C7E2E-F261-4785-83A2-6C1F2560B17A} = {CFAAF5F3-0826-0382-279F-15A025608506}
		{7D790DC6-F590-47DA-A372-E557195EC251} = {CFAAF5F3-0826-0382-279F-15A025608506}
		{A0D86B82-FDD1-4AB5-A1EF-474524A98E13} = {CFAAF5F3-0826-0382-279F-15A025608506}
		{E13F06A4-C0EC-4283-AA2F-6D7D124EA1E7} = {CFAAF5F3-0826-0382-279F-15A025608506}
		{0E6CB118-204C-4BF2-A56D-E16CA4C28FD4} = {CFAAF5F3-0826-0382-279F-15A025608506}
		{2EA09339-7889-40CB-B879-45CA7BB55DBF} = {CFAAF5F3-0826-0382-279F-15A025608506}
		{97A23C1C-F8FB-4A53-B671-091F12BE23A3} = {CFAAF5F3-0826-0382-279F-15A025608506}
		{1C96623F-AD6F-41D9-B3D7-448DB92E16B3} = {CFAAF5F3-0826-0382-279F-15A025608506}
		{4640336E-C037-4BE8-9272-A9454F8B5007} = {CFAAF5F3-0826-0382-279F-15A025608506}
		{D500B571-833A-4AEC-984F-B4058294D873} = {CFAAF5F3-0826-0382-279F-15A025608506}
	EndGlobalSection
EndGlobal
